<?xml version="1.0" encoding="utf-8"?>
<Project ToolsVersion="4.0" xmlns="http://schemas.microsoft.com/developer/msbuild/2003">
  <ItemGroup>
    <Filter Include="Client">
      <UniqueIdentifier>{6f265fc0-17d6-4dd3-bdbf-be49126a3a71}</UniqueIdentifier>
    </Filter>
  </ItemGroup>
  <ItemGroup>
    <ClCompile Include="main.cpp" />
    <ClCompile Include="Client\Client.cpp">
      <Filter>Client</Filter>
    </ClCompile>
  </ItemGroup>
  <ItemGroup>
    <ClInclude Include="Client\Client.h">
      <Filter>Client</Filter>
    </ClInclude>
    <ClInclude Include="config.h" />
    <ClInclude Include="..\..\Packet.hpp">
      <Filter>Client</Filter>
    </ClInclude>
  </ItemGroup>
</Project>