
Microsoft Visual Studio Solution File, Format Version 12.00
# Visual Studio Version 16
VisualStudioVersion = 16.0.28922.388
MinimumVisualStudioVersion = 10.0.40219.1
Project("{8BC9CEB8-8B4A-11D0-8D11-00A0C91BC942}") = "NetCore", "NetCore\NetCore.vcxproj", "{EFBB82EF-8979-483B-B926-AD76721839AE}"
EndProject
Project("{8BC9CEB8-8B4A-11D0-8D11-00A0C91BC942}") = "NetClient", "NetClient\NetClient.vcxproj", "{CCC0A527-7FF2-4B1A-8452-8D4A17C9B273}"
	ProjectSection(ProjectDependencies) = postProject
		{EFBB82EF-8979-483B-B926-AD76721839AE} = {EFBB82EF-8979-483B-B926-AD76721839AE}
	EndProjectSection
EndProject
Project("{8BC9CEB8-8B4A-11D0-8D11-00A0C91BC942}") = "NetServer", "NetServer\NetServer.vcxproj", "{D5BF4E66-A68F-488E-BA4E-1612DE31FC08}"
	ProjectSection(ProjectDependencies) = postProject
		{EFBB82EF-8979-483B-B926-AD76721839AE} = {EFBB82EF-8979-483B-B926-AD76721839AE}
	EndProjectSection
EndProject
Project("{8BC9CEB8-8B4A-11D0-8D11-00A0C91BC942}") = "NetWebSocket", "NetWebSocket\NetWebSocket.vcxproj", "{80F9040F-0B79-49E9-9628-54D1C9327123}"
	ProjectSection(ProjectDependencies) = postProject
		{EFBB82EF-8979-483B-B926-AD76721839AE} = {EFBB82EF-8979-483B-B926-AD76721839AE}
	EndProjectSection
EndProject
Global
	GlobalSection(SolutionConfigurationPlatforms) = preSolution
		DEBUG-DLL|x64 = DEBUG-DLL|x64
		DEBUG-DLL|x86 = DEBUG-DLL|x86
		DEBUG-SHARED|x64 = DEBUG-SHARED|x64
		DEBUG-SHARED|x86 = DEBUG-SHARED|x86
		DEBUG-STATIC|x64 = DEBUG-STATIC|x64
		DEBUG-STATIC|x86 = DEBUG-STATIC|x86
		RELEASE-DLL|x64 = RELEASE-DLL|x64
		RELEASE-DLL|x86 = RELEASE-DLL|x86
		RELEASE-SHARED|x64 = RELEASE-SHARED|x64
		RELEASE-SHARED|x86 = RELEASE-SHARED|x86
		RELEASE-STATIC|x64 = RELEASE-STATIC|x64
		RELEASE-STATIC|x86 = RELEASE-STATIC|x86
	EndGlobalSection
	GlobalSection(ProjectConfigurationPlatforms) = postSolution
		{EFBB82EF-8979-483B-B926-AD76721839AE}.DEBUG-DLL|x64.ActiveCfg = DEBUG-DLL|x64
		{EFBB82EF-8979-483B-B926-AD76721839AE}.DEBUG-DLL|x64.Build.0 = DEBUG-DLL|x64
		{EFBB82EF-8979-483B-B926-AD76721839AE}.DEBUG-DLL|x86.ActiveCfg = DEBUG-DLL|Win32
		{EFBB82EF-8979-483B-B926-AD76721839AE}.DEBUG-DLL|x86.Build.0 = DEBUG-DLL|Win32
		{EFBB82EF-8979-483B-B926-AD76721839AE}.DEBUG-SHARED|x64.ActiveCfg = DEBUG-SHARED|x64
		{EFBB82EF-8979-483B-B926-AD76721839AE}.DEBUG-SHARED|x64.Build.0 = DEBUG-SHARED|x64
		{EFBB82EF-8979-483B-B926-AD76721839AE}.DEBUG-SHARED|x86.ActiveCfg = DEBUG-SHARED|Win32
		{EFBB82EF-8979-483B-B926-AD76721839AE}.DEBUG-SHARED|x86.Build.0 = DEBUG-SHARED|Win32
		{EFBB82EF-8979-483B-B926-AD76721839AE}.DEBUG-STATIC|x64.ActiveCfg = DEBUG-STATIC|x64
		{EFBB82EF-8979-483B-B926-AD76721839AE}.DEBUG-STATIC|x64.Build.0 = DEBUG-STATIC|x64
		{EFBB82EF-8979-483B-B926-AD76721839AE}.DEBUG-STATIC|x86.ActiveCfg = DEBUG-STATIC|Win32
		{EFBB82EF-8979-483B-B926-AD76721839AE}.DEBUG-STATIC|x86.Build.0 = DEBUG-STATIC|Win32
		{EFBB82EF-8979-483B-B926-AD76721839AE}.RELEASE-DLL|x64.ActiveCfg = RELEASE-DLL|x64
		{EFBB82EF-8979-483B-B926-AD76721839AE}.RELEASE-DLL|x64.Build.0 = RELEASE-DLL|x64
		{EFBB82EF-8979-483B-B926-AD76721839AE}.RELEASE-DLL|x86.ActiveCfg = RELEASE-DLL|Win32
		{EFBB82EF-8979-483B-B926-AD76721839AE}.RELEASE-DLL|x86.Build.0 = RELEASE-DLL|Win32
		{EFBB82EF-8979-483B-B926-AD76721839AE}.RELEASE-SHARED|x64.ActiveCfg = RELEASE-SHARED|x64
		{EFBB82EF-8979-483B-B926-AD76721839AE}.RELEASE-SHARED|x64.Build.0 = RELEASE-SHARED|x64
		{EFBB82EF-8979-483B-B926-AD76721839AE}.RELEASE-SHARED|x86.ActiveCfg = RELEASE-SHARED|Win32
		{EFBB82EF-8979-483B-B926-AD76721839AE}.RELEASE-SHARED|x86.Build.0 = RELEASE-SHARED|Win32
		{EFBB82EF-8979-483B-B926-AD76721839AE}.RELEASE-STATIC|x64.ActiveCfg = RELEASE-STATIC|x64
		{EFBB82EF-8979-483B-B926-AD76721839AE}.RELEASE-STATIC|x64.Build.0 = RELEASE-STATIC|x64
		{EFBB82EF-8979-483B-B926-AD76721839AE}.RELEASE-STATIC|x86.ActiveCfg = RELEASE-STATIC|Win32
		{EFBB82EF-8979-483B-B926-AD76721839AE}.RELEASE-STATIC|x86.Build.0 = RELEASE-STATIC|Win32
		{CCC0A527-7FF2-4B1A-8452-8D4A17C9B273}.DEBUG-DLL|x64.ActiveCfg = DEBUG-DLL|x64
		{CCC0A527-7FF2-4B1A-8452-8D4A17C9B273}.DEBUG-DLL|x64.Build.0 = DEBUG-DLL|x64
		{CCC0A527-7FF2-4B1A-8452-8D4A17C9B273}.DEBUG-DLL|x86.ActiveCfg = DEBUG-DLL|Win32
		{CCC0A527-7FF2-4B1A-8452-8D4A17C9B273}.DEBUG-DLL|x86.Build.0 = DEBUG-DLL|Win32
		{CCC0A527-7FF2-4B1A-8452-8D4A17C9B273}.DEBUG-SHARED|x64.ActiveCfg = DEBUG-SHARED|x64
		{CCC0A527-7FF2-4B1A-8452-8D4A17C9B273}.DEBUG-SHARED|x64.Build.0 = DEBUG-SHARED|x64
		{CCC0A527-7FF2-4B1A-8452-8D4A17C9B273}.DEBUG-SHARED|x86.ActiveCfg = DEBUG-SHARED|Win32
		{CCC0A527-7FF2-4B1A-8452-8D4A17C9B273}.DEBUG-SHARED|x86.Build.0 = DEBUG-SHARED|Win32
		{CCC0A527-7FF2-4B1A-8452-8D4A17C9B273}.DEBUG-STATIC|x64.ActiveCfg = DEBUG-STATIC|x64
		{CCC0A527-7FF2-4B1A-8452-8D4A17C9B273}.DEBUG-STATIC|x64.Build.0 = DEBUG-STATIC|x64
		{CCC0A527-7FF2-4B1A-8452-8D4A17C9B273}.DEBUG-STATIC|x86.ActiveCfg = DEBUG-STATIC|Win32
		{CCC0A527-7FF2-4B1A-8452-8D4A17C9B273}.DEBUG-STATIC|x86.Build.0 = DEBUG-STATIC|Win32
		{CCC0A527-7FF2-4B1A-8452-8D4A17C9B273}.RELEASE-DLL|x64.ActiveCfg = RELEASE-DLL|x64
		{CCC0A527-7FF2-4B1A-8452-8D4A17C9B273}.RELEASE-DLL|x64.Build.0 = RELEASE-DLL|x64
		{CCC0A527-7FF2-4B1A-8452-8D4A17C9B273}.RELEASE-DLL|x86.ActiveCfg = RELEASE-DLL|Win32
		{CCC0A527-7FF2-4B1A-8452-8D4A17C9B273}.RELEASE-DLL|x86.Build.0 = RELEASE-DLL|Win32
		{CCC0A527-7FF2-4B1A-8452-8D4A17C9B273}.RELEASE-SHARED|x64.ActiveCfg = RELEASE-SHARED|x64
		{CCC0A527-7FF2-4B1A-8452-8D4A17C9B273}.RELEASE-SHARED|x64.Build.0 = RELEASE-SHARED|x64
		{CCC0A527-7FF2-4B1A-8452-8D4A17C9B273}.RELEASE-SHARED|x86.ActiveCfg = RELEASE-SHARED|Win32
		{CCC0A527-7FF2-4B1A-8452-8D4A17C9B273}.RELEASE-SHARED|x86.Build.0 = RELEASE-SHARED|Win32
		{CCC0A527-7FF2-4B1A-8452-8D4A17C9B273}.RELEASE-STATIC|x64.ActiveCfg = RELEASE-STATIC|x64
		{CCC0A527-7FF2-4B1A-8452-8D4A17C9B273}.RELEASE-STATIC|x64.Build.0 = RELEASE-STATIC|x64
		{CCC0A527-7FF2-4B1A-8452-8D4A17C9B273}.RELEASE-STATIC|x86.ActiveCfg = RELEASE-STATIC|Win32
		{CCC0A527-7FF2-4B1A-8452-8D4A17C9B273}.RELEASE-STATIC|x86.Build.0 = RELEASE-STATIC|Win32
		{D5BF4E66-A68F-488E-BA4E-1612DE31FC08}.DEBUG-DLL|x64.ActiveCfg = DEBUG-DLL|x64
		{D5BF4E66-A68F-488E-BA4E-1612DE31FC08}.DEBUG-DLL|x64.Build.0 = DEBUG-DLL|x64
		{D5BF4E66-A68F-488E-BA4E-1612DE31FC08}.DEBUG-DLL|x86.ActiveCfg = DEBUG-DLL|Win32
		{D5BF4E66-A68F-488E-BA4E-1612DE31FC08}.DEBUG-DLL|x86.Build.0 = DEBUG-DLL|Win32
		{D5BF4E66-A68F-488E-BA4E-1612DE31FC08}.DEBUG-SHARED|x64.ActiveCfg = DEBUG-SHARED|x64
		{D5BF4E66-A68F-488E-BA4E-1612DE31FC08}.DEBUG-SHARED|x64.Build.0 = DEBUG-SHARED|x64
		{D5BF4E66-A68F-488E-BA4E-1612DE31FC08}.DEBUG-SHARED|x86.ActiveCfg = DEBUG-SHARED|Win32
		{D5BF4E66-A68F-488E-BA4E-1612DE31FC08}.DEBUG-SHARED|x86.Build.0 = DEBUG-SHARED|Win32
		{D5BF4E66-A68F-488E-BA4E-1612DE31FC08}.DEBUG-STATIC|x64.ActiveCfg = DEBUG-STATIC|x64
		{D5BF4E66-A68F-488E-BA4E-1612DE31FC08}.DEBUG-STATIC|x64.Build.0 = DEBUG-STATIC|x64
		{D5BF4E66-A68F-488E-BA4E-1612DE31FC08}.DEBUG-STATIC|x86.ActiveCfg = DEBUG-STATIC|Win32
		{D5BF4E66-A68F-488E-BA4E-1612DE31FC08}.DEBUG-STATIC|x86.Build.0 = DEBUG-STATIC|Win32
		{D5BF4E66-A68F-488E-BA4E-1612DE31FC08}.RELEASE-DLL|x64.ActiveCfg = RELEASE-DLL|x64
		{D5BF4E66-A68F-488E-BA4E-1612DE31FC08}.RELEASE-DLL|x64.Build.0 = RELEASE-DLL|x64
		{D5BF4E66-A68F-488E-BA4E-1612DE31FC08}.RELEASE-DLL|x86.ActiveCfg = RELEASE-DLL|Win32
		{D5BF4E66-A68F-488E-BA4E-1612DE31FC08}.RELEASE-DLL|x86.Build.0 = RELEASE-DLL|Win32
		{D5BF4E66-A68F-488E-BA4E-1612DE31FC08}.RELEASE-SHARED|x64.ActiveCfg = RELEASE-SHARED|x64
		{D5BF4E66-A68F-488E-BA4E-1612DE31FC08}.RELEASE-SHARED|x64.Build.0 = RELEASE-SHARED|x64
		{D5BF4E66-A68F-488E-BA4E-1612DE31FC08}.RELEASE-SHARED|x86.ActiveCfg = RELEASE-SHARED|Win32
		{D5BF4E66-A68F-488E-BA4E-1612DE31FC08}.RELEASE-SHARED|x86.Build.0 = RELEASE-SHARED|Win32
		{D5BF4E66-A68F-488E-BA4E-1612DE31FC08}.RELEASE-STATIC|x64.ActiveCfg = RELEASE-STATIC|x64
		{D5BF4E66-A68F-488E-BA4E-1612DE31FC08}.RELEASE-STATIC|x64.Build.0 = RELEASE-STATIC|x64
		{D5BF4E66-A68F-488E-BA4E-1612DE31FC08}.RELEASE-STATIC|x86.ActiveCfg = RELEASE-STATIC|Win32
		{D5BF4E66-A68F-488E-BA4E-1612DE31FC08}.RELEASE-STATIC|x86.Build.0 = RELEASE-STATIC|Win32
		{80F9040F-0B79-49E9-9628-54D1C9327123}.DEBUG-DLL|x64.ActiveCfg = DEBUG-DLL|x64
		{80F9040F-0B79-49E9-9628-54D1C9327123}.DEBUG-DLL|x64.Build.0 = DEBUG-DLL|x64
		{80F9040F-0B79-49E9-9628-54D1C9327123}.DEBUG-DLL|x86.ActiveCfg = DEBUG-DLL|Win32
		{80F9040F-0B79-49E9-9628-54D1C9327123}.DEBUG-DLL|x86.Build.0 = DEBUG-DLL|Win32
		{80F9040F-0B79-49E9-9628-54D1C9327123}.DEBUG-SHARED|x64.ActiveCfg = DEBUG-SHARED|x64
		{80F9040F-0B79-49E9-9628-54D1C9327123}.DEBUG-SHARED|x64.Build.0 = DEBUG-SHARED|x64
		{80F9040F-0B79-49E9-9628-54D1C9327123}.DEBUG-SHARED|x86.ActiveCfg = DEBUG-SHARED|Win32
		{80F9040F-0B79-49E9-9628-54D1C9327123}.DEBUG-SHARED|x86.Build.0 = DEBUG-SHARED|Win32
		{80F9040F-0B79-49E9-9628-54D1C9327123}.DEBUG-STATIC|x64.ActiveCfg = DEBUG-STATIC|x64
		{80F9040F-0B79-49E9-9628-54D1C9327123}.DEBUG-STATIC|x64.Build.0 = DEBUG-STATIC|x64
		{80F9040F-0B79-49E9-9628-54D1C9327123}.DEBUG-STATIC|x86.ActiveCfg = DEBUG-STATIC|Win32
		{80F9040F-0B79-49E9-9628-54D1C9327123}.DEBUG-STATIC|x86.Build.0 = DEBUG-STATIC|Win32
		{80F9040F-0B79-49E9-9628-54D1C9327123}.RELEASE-DLL|x64.ActiveCfg = RELEASE-DLL|x64
		{80F9040F-0B79-49E9-9628-54D1C9327123}.RELEASE-DLL|x64.Build.0 = RELEASE-DLL|x64
		{80F9040F-0B79-49E9-9628-54D1C9327123}.RELEASE-DLL|x86.ActiveCfg = RELEASE-DLL|Win32
		{80F9040F-0B79-49E9-9628-54D1C9327123}.RELEASE-DLL|x86.Build.0 = RELEASE-DLL|Win32
		{80F9040F-0B79-49E9-9628-54D1C9327123}.RELEASE-SHARED|x64.ActiveCfg = RELEASE-SHARED|x64
		{80F9040F-0B79-49E9-9628-54D1C9327123}.RELEASE-SHARED|x64.Build.0 = RELEASE-SHARED|x64
		{80F9040F-0B79-49E9-9628-54D1C9327123}.RELEASE-SHARED|x86.ActiveCfg = RELEASE-SHARED|Win32
		{80F9040F-0B79-49E9-9628-54D1C9327123}.RELEASE-SHARED|x86.Build.0 = RELEASE-SHARED|Win32
		{80F9040F-0B79-49E9-9628-54D1C9327123}.RELEASE-STATIC|x64.ActiveCfg = RELEASE-STATIC|x64
		{80F9040F-0B79-49E9-9628-54D1C9327123}.RELEASE-STATIC|x64.Build.0 = RELEASE-STATIC|x64
		{80F9040F-0B79-49E9-9628-54D1C9327123}.RELEASE-STATIC|x86.ActiveCfg = RELEASE-STATIC|Win32
		{80F9040F-0B79-49E9-9628-54D1C9327123}.RELEASE-STATIC|x86.Build.0 = RELEASE-STATIC|Win32
	EndGlobalSection
	GlobalSection(SolutionProperties) = preSolution
		HideSolutionNode = FALSE
	EndGlobalSection
	GlobalSection(ExtensibilityGlobals) = postSolution
		SolutionGuid = {081D92A5-ADFE-48FD-8DCC-18C30CE975EE}
	EndGlobalSection
EndGlobal
