
Microsoft Visual Studio Solution File, Format Version 12.00
# Visual Studio Version 16
VisualStudioVersion = 16.0.28922.388
MinimumVisualStudioVersion = 10.0.40219.1
Project("{8BC9CEB8-8B4A-11D0-8D11-00A0C91BC942}") = "NetFeature", "NetFeature\NetFeature.vcxproj", "{EFBB82EF-8979-483B-B926-AD76721839AE}"
EndProject
Project("{8BC9CEB8-8B4A-11D0-8D11-00A0C91BC942}") = "NetClient", "NetClient\NetClient.vcxproj", "{CCC0A527-7FF2-4B1A-8452-8D4A17C9B273}"
EndProject
Project("{8BC9CEB8-8B4A-11D0-8D11-00A0C91BC942}") = "NetServer", "NetServer\NetServer.vcxproj", "{D5BF4E66-A68F-488E-BA4E-1612DE31FC08}"
EndProject
Project("{8BC9CEB8-8B4A-11D0-8D11-00A0C91BC942}") = "NetWebServer", "NetWebServer\NetWebServer.vcxproj", "{80F9040F-0B79-49E9-9628-54D1C9327123}"
EndProject
Global
	GlobalSection(SolutionConfigurationPlatforms) = preSolution
		DEBUG_DLL|x64 = DEBUG_DLL|x64
		DEBUG_DLL|x86 = DEBUG_DLL|x86
		DEBUG_LIB_MDD|x64 = DEBUG_LIB_MDD|x64
		DEBUG_LIB_MDD|x86 = DEBUG_LIB_MDD|x86
		DEBUG_LIB_MTD|x64 = DEBUG_LIB_MTD|x64
		DEBUG_LIB_MTD|x86 = DEBUG_LIB_MTD|x86
		RELEASE_DLL|x64 = RELEASE_DLL|x64
		RELEASE_DLL|x86 = RELEASE_DLL|x86
		RELEASE_LIB_MD|x64 = RELEASE_LIB_MD|x64
		RELEASE_LIB_MD|x86 = RELEASE_LIB_MD|x86
		RELEASE_LIB_MT|x64 = RELEASE_LIB_MT|x64
		RELEASE_LIB_MT|x86 = RELEASE_LIB_MT|x86
	EndGlobalSection
	GlobalSection(ProjectConfigurationPlatforms) = postSolution
		{EFBB82EF-8979-483B-B926-AD76721839AE}.DEBUG_DLL|x64.ActiveCfg = DEBUG_DLL|x64
		{EFBB82EF-8979-483B-B926-AD76721839AE}.DEBUG_DLL|x64.Build.0 = DEBUG_DLL|x64
		{EFBB82EF-8979-483B-B926-AD76721839AE}.DEBUG_DLL|x86.ActiveCfg = DEBUG_DLL|Win32
		{EFBB82EF-8979-483B-B926-AD76721839AE}.DEBUG_DLL|x86.Build.0 = DEBUG_DLL|Win32
		{EFBB82EF-8979-483B-B926-AD76721839AE}.DEBUG_LIB_MDD|x64.ActiveCfg = DEBUG_LIB_MDD|x64
		{EFBB82EF-8979-483B-B926-AD76721839AE}.DEBUG_LIB_MDD|x64.Build.0 = DEBUG_LIB_MDD|x64
		{EFBB82EF-8979-483B-B926-AD76721839AE}.DEBUG_LIB_MDD|x86.ActiveCfg = DEBUG_LIB_MDD|Win32
		{EFBB82EF-8979-483B-B926-AD76721839AE}.DEBUG_LIB_MDD|x86.Build.0 = DEBUG_LIB_MDD|Win32
		{EFBB82EF-8979-483B-B926-AD76721839AE}.DEBUG_LIB_MTD|x64.ActiveCfg = DEBUG_LIB_MTD|x64
		{EFBB82EF-8979-483B-B926-AD76721839AE}.DEBUG_LIB_MTD|x64.Build.0 = DEBUG_LIB_MTD|x64
		{EFBB82EF-8979-483B-B926-AD76721839AE}.DEBUG_LIB_MTD|x86.ActiveCfg = DEBUG_LIB_MTD|Win32
		{EFBB82EF-8979-483B-B926-AD76721839AE}.DEBUG_LIB_MTD|x86.Build.0 = DEBUG_LIB_MTD|Win32
		{EFBB82EF-8979-483B-B926-AD76721839AE}.RELEASE_DLL|x64.ActiveCfg = RELEASE_DLL|x64
		{EFBB82EF-8979-483B-B926-AD76721839AE}.RELEASE_DLL|x64.Build.0 = RELEASE_DLL|x64
		{EFBB82EF-8979-483B-B926-AD76721839AE}.RELEASE_DLL|x86.ActiveCfg = RELEASE_DLL|Win32
		{EFBB82EF-8979-483B-B926-AD76721839AE}.RELEASE_DLL|x86.Build.0 = RELEASE_DLL|Win32
		{EFBB82EF-8979-483B-B926-AD76721839AE}.RELEASE_LIB_MD|x64.ActiveCfg = RELEASE_LIB_MD|x64
		{EFBB82EF-8979-483B-B926-AD76721839AE}.RELEASE_LIB_MD|x64.Build.0 = RELEASE_LIB_MD|x64
		{EFBB82EF-8979-483B-B926-AD76721839AE}.RELEASE_LIB_MD|x86.ActiveCfg = RELEASE_LIB_MD|Win32
		{EFBB82EF-8979-483B-B926-AD76721839AE}.RELEASE_LIB_MD|x86.Build.0 = RELEASE_LIB_MD|Win32
		{EFBB82EF-8979-483B-B926-AD76721839AE}.RELEASE_LIB_MT|x64.ActiveCfg = RELEASE_LIB_MT|x64
		{EFBB82EF-8979-483B-B926-AD76721839AE}.RELEASE_LIB_MT|x64.Build.0 = RELEASE_LIB_MT|x64
		{EFBB82EF-8979-483B-B926-AD76721839AE}.RELEASE_LIB_MT|x86.ActiveCfg = RELEASE_LIB_MT|Win32
		{EFBB82EF-8979-483B-B926-AD76721839AE}.RELEASE_LIB_MT|x86.Build.0 = RELEASE_LIB_MT|Win32
		{CCC0A527-7FF2-4B1A-8452-8D4A17C9B273}.DEBUG_DLL|x64.ActiveCfg = DEBUG_DLL|x64
		{CCC0A527-7FF2-4B1A-8452-8D4A17C9B273}.DEBUG_DLL|x64.Build.0 = DEBUG_DLL|x64
		{CCC0A527-7FF2-4B1A-8452-8D4A17C9B273}.DEBUG_DLL|x86.ActiveCfg = DEBUG_DLL|Win32
		{CCC0A527-7FF2-4B1A-8452-8D4A17C9B273}.DEBUG_DLL|x86.Build.0 = DEBUG_DLL|Win32
		{CCC0A527-7FF2-4B1A-8452-8D4A17C9B273}.DEBUG_LIB_MDD|x64.ActiveCfg = DEBUG_LIB_MDD|x64
		{CCC0A527-7FF2-4B1A-8452-8D4A17C9B273}.DEBUG_LIB_MDD|x64.Build.0 = DEBUG_LIB_MDD|x64
		{CCC0A527-7FF2-4B1A-8452-8D4A17C9B273}.DEBUG_LIB_MDD|x86.ActiveCfg = DEBUG_LIB_MDD|Win32
		{CCC0A527-7FF2-4B1A-8452-8D4A17C9B273}.DEBUG_LIB_MDD|x86.Build.0 = DEBUG_LIB_MDD|Win32
		{CCC0A527-7FF2-4B1A-8452-8D4A17C9B273}.DEBUG_LIB_MTD|x64.ActiveCfg = DEBUG_LIB_MTD|x64
		{CCC0A527-7FF2-4B1A-8452-8D4A17C9B273}.DEBUG_LIB_MTD|x64.Build.0 = DEBUG_LIB_MTD|x64
		{CCC0A527-7FF2-4B1A-8452-8D4A17C9B273}.DEBUG_LIB_MTD|x86.ActiveCfg = DEBUG_LIB_MTD|Win32
		{CCC0A527-7FF2-4B1A-8452-8D4A17C9B273}.DEBUG_LIB_MTD|x86.Build.0 = DEBUG_LIB_MTD|Win32
		{CCC0A527-7FF2-4B1A-8452-8D4A17C9B273}.RELEASE_DLL|x64.ActiveCfg = RELEASE_DLL|x64
		{CCC0A527-7FF2-4B1A-8452-8D4A17C9B273}.RELEASE_DLL|x64.Build.0 = RELEASE_DLL|x64
		{CCC0A527-7FF2-4B1A-8452-8D4A17C9B273}.RELEASE_DLL|x86.ActiveCfg = RELEASE_DLL|Win32
		{CCC0A527-7FF2-4B1A-8452-8D4A17C9B273}.RELEASE_DLL|x86.Build.0 = RELEASE_DLL|Win32
		{CCC0A527-7FF2-4B1A-8452-8D4A17C9B273}.RELEASE_LIB_MD|x64.ActiveCfg = RELEASE_LIB_MD|x64
		{CCC0A527-7FF2-4B1A-8452-8D4A17C9B273}.RELEASE_LIB_MD|x64.Build.0 = RELEASE_LIB_MD|x64
		{CCC0A527-7FF2-4B1A-8452-8D4A17C9B273}.RELEASE_LIB_MD|x86.ActiveCfg = RELEASE_LIB_MD|Win32
		{CCC0A527-7FF2-4B1A-8452-8D4A17C9B273}.RELEASE_LIB_MD|x86.Build.0 = RELEASE_LIB_MD|Win32
		{CCC0A527-7FF2-4B1A-8452-8D4A17C9B273}.RELEASE_LIB_MT|x64.ActiveCfg = RELEASE_LIB_MT|x64
		{CCC0A527-7FF2-4B1A-8452-8D4A17C9B273}.RELEASE_LIB_MT|x64.Build.0 = RELEASE_LIB_MT|x64
		{CCC0A527-7FF2-4B1A-8452-8D4A17C9B273}.RELEASE_LIB_MT|x86.ActiveCfg = RELEASE_LIB_MT|Win32
		{CCC0A527-7FF2-4B1A-8452-8D4A17C9B273}.RELEASE_LIB_MT|x86.Build.0 = RELEASE_LIB_MT|Win32
		{D5BF4E66-A68F-488E-BA4E-1612DE31FC08}.DEBUG_DLL|x64.ActiveCfg = DEBUG_DLL|x64
		{D5BF4E66-A68F-488E-BA4E-1612DE31FC08}.DEBUG_DLL|x64.Build.0 = DEBUG_DLL|x64
		{D5BF4E66-A68F-488E-BA4E-1612DE31FC08}.DEBUG_DLL|x86.ActiveCfg = DEBUG_DLL|Win32
		{D5BF4E66-A68F-488E-BA4E-1612DE31FC08}.DEBUG_DLL|x86.Build.0 = DEBUG_DLL|Win32
		{D5BF4E66-A68F-488E-BA4E-1612DE31FC08}.DEBUG_LIB_MDD|x64.ActiveCfg = DEBUG_LIB_MDD|x64
		{D5BF4E66-A68F-488E-BA4E-1612DE31FC08}.DEBUG_LIB_MDD|x64.Build.0 = DEBUG_LIB_MDD|x64
		{D5BF4E66-A68F-488E-BA4E-1612DE31FC08}.DEBUG_LIB_MDD|x86.ActiveCfg = DEBUG_LIB_MDD|Win32
		{D5BF4E66-A68F-488E-BA4E-1612DE31FC08}.DEBUG_LIB_MDD|x86.Build.0 = DEBUG_LIB_MDD|Win32
		{D5BF4E66-A68F-488E-BA4E-1612DE31FC08}.DEBUG_LIB_MTD|x64.ActiveCfg = DEBUG_LIB_MTD|x64
		{D5BF4E66-A68F-488E-BA4E-1612DE31FC08}.DEBUG_LIB_MTD|x64.Build.0 = DEBUG_LIB_MTD|x64
		{D5BF4E66-A68F-488E-BA4E-1612DE31FC08}.DEBUG_LIB_MTD|x86.ActiveCfg = DEBUG_LIB_MTD|Win32
		{D5BF4E66-A68F-488E-BA4E-1612DE31FC08}.DEBUG_LIB_MTD|x86.Build.0 = DEBUG_LIB_MTD|Win32
		{D5BF4E66-A68F-488E-BA4E-1612DE31FC08}.RELEASE_DLL|x64.ActiveCfg = RELEASE_DLL|x64
		{D5BF4E66-A68F-488E-BA4E-1612DE31FC08}.RELEASE_DLL|x64.Build.0 = RELEASE_DLL|x64
		{D5BF4E66-A68F-488E-BA4E-1612DE31FC08}.RELEASE_DLL|x86.ActiveCfg = RELEASE_DLL|Win32
		{D5BF4E66-A68F-488E-BA4E-1612DE31FC08}.RELEASE_DLL|x86.Build.0 = RELEASE_DLL|Win32
		{D5BF4E66-A68F-488E-BA4E-1612DE31FC08}.RELEASE_LIB_MD|x64.ActiveCfg = RELEASE_LIB_MD|x64
		{D5BF4E66-A68F-488E-BA4E-1612DE31FC08}.RELEASE_LIB_MD|x64.Build.0 = RELEASE_LIB_MD|x64
		{D5BF4E66-A68F-488E-BA4E-1612DE31FC08}.RELEASE_LIB_MD|x86.ActiveCfg = RELEASE_LIB_MD|Win32
		{D5BF4E66-A68F-488E-BA4E-1612DE31FC08}.RELEASE_LIB_MD|x86.Build.0 = RELEASE_LIB_MD|Win32
		{D5BF4E66-A68F-488E-BA4E-1612DE31FC08}.RELEASE_LIB_MT|x64.ActiveCfg = RELEASE_LIB_MT|x64
		{D5BF4E66-A68F-488E-BA4E-1612DE31FC08}.RELEASE_LIB_MT|x64.Build.0 = RELEASE_LIB_MT|x64
		{D5BF4E66-A68F-488E-BA4E-1612DE31FC08}.RELEASE_LIB_MT|x86.ActiveCfg = RELEASE_LIB_MT|Win32
		{D5BF4E66-A68F-488E-BA4E-1612DE31FC08}.RELEASE_LIB_MT|x86.Build.0 = RELEASE_LIB_MT|Win32
		{80F9040F-0B79-49E9-9628-54D1C9327123}.DEBUG_DLL|x64.ActiveCfg = DEBUG_DLL|x64
		{80F9040F-0B79-49E9-9628-54D1C9327123}.DEBUG_DLL|x64.Build.0 = DEBUG_DLL|x64
		{80F9040F-0B79-49E9-9628-54D1C9327123}.DEBUG_DLL|x86.ActiveCfg = DEBUG_DLL|Win32
		{80F9040F-0B79-49E9-9628-54D1C9327123}.DEBUG_DLL|x86.Build.0 = DEBUG_DLL|Win32
		{80F9040F-0B79-49E9-9628-54D1C9327123}.DEBUG_LIB_MDD|x64.ActiveCfg = DEBUG_LIB_MDD|x64
		{80F9040F-0B79-49E9-9628-54D1C9327123}.DEBUG_LIB_MDD|x64.Build.0 = DEBUG_LIB_MDD|x64
		{80F9040F-0B79-49E9-9628-54D1C9327123}.DEBUG_LIB_MDD|x86.ActiveCfg = DEBUG_LIB_MDD|Win32
		{80F9040F-0B79-49E9-9628-54D1C9327123}.DEBUG_LIB_MDD|x86.Build.0 = DEBUG_LIB_MDD|Win32
		{80F9040F-0B79-49E9-9628-54D1C9327123}.DEBUG_LIB_MTD|x64.ActiveCfg = DEBUG_LIB_MTD|x64
		{80F9040F-0B79-49E9-9628-54D1C9327123}.DEBUG_LIB_MTD|x64.Build.0 = DEBUG_LIB_MTD|x64
		{80F9040F-0B79-49E9-9628-54D1C9327123}.DEBUG_LIB_MTD|x86.ActiveCfg = DEBUG_LIB_MTD|Win32
		{80F9040F-0B79-49E9-9628-54D1C9327123}.DEBUG_LIB_MTD|x86.Build.0 = DEBUG_LIB_MTD|Win32
		{80F9040F-0B79-49E9-9628-54D1C9327123}.RELEASE_DLL|x64.ActiveCfg = RELEASE_DLL|x64
		{80F9040F-0B79-49E9-9628-54D1C9327123}.RELEASE_DLL|x64.Build.0 = RELEASE_DLL|x64
		{80F9040F-0B79-49E9-9628-54D1C9327123}.RELEASE_DLL|x86.ActiveCfg = RELEASE_DLL|Win32
		{80F9040F-0B79-49E9-9628-54D1C9327123}.RELEASE_DLL|x86.Build.0 = RELEASE_DLL|Win32
		{80F9040F-0B79-49E9-9628-54D1C9327123}.RELEASE_LIB_MD|x64.ActiveCfg = RELEASE_LIB_MD|x64
		{80F9040F-0B79-49E9-9628-54D1C9327123}.RELEASE_LIB_MD|x64.Build.0 = RELEASE_LIB_MD|x64
		{80F9040F-0B79-49E9-9628-54D1C9327123}.RELEASE_LIB_MD|x86.ActiveCfg = RELEASE_LIB_MD|Win32
		{80F9040F-0B79-49E9-9628-54D1C9327123}.RELEASE_LIB_MD|x86.Build.0 = RELEASE_LIB_MD|Win32
		{80F9040F-0B79-49E9-9628-54D1C9327123}.RELEASE_LIB_MT|x64.ActiveCfg = RELEASE_LIB_MT|x64
		{80F9040F-0B79-49E9-9628-54D1C9327123}.RELEASE_LIB_MT|x64.Build.0 = RELEASE_LIB_MT|x64
		{80F9040F-0B79-49E9-9628-54D1C9327123}.RELEASE_LIB_MT|x86.ActiveCfg = RELEASE_LIB_MT|Win32
		{80F9040F-0B79-49E9-9628-54D1C9327123}.RELEASE_LIB_MT|x86.Build.0 = RELEASE_LIB_MT|Win32
	EndGlobalSection
	GlobalSection(SolutionProperties) = preSolution
		HideSolutionNode = FALSE
	EndGlobalSection
	GlobalSection(ExtensibilityGlobals) = postSolution
		SolutionGuid = {081D92A5-ADFE-48FD-8DCC-18C30CE975EE}
	EndGlobalSection
EndGlobal
