<?xml version="1.0" encoding="utf-8"?>
<Project ToolsVersion="4.0" xmlns="http://schemas.microsoft.com/developer/msbuild/2003">
  <ItemGroup>
    <ClCompile Include="..\assets\assets.cpp">
      <Filter>Assets</Filter>
    </ClCompile>
    <ClCompile Include="WebServer.cpp" />
    <ClCompile Include="..\Cryption\AES.cpp">
      <Filter>Cryption</Filter>
    </ClCompile>
    <ClCompile Include="..\Cryption\RSA.cpp">
      <Filter>Cryption</Filter>
    </ClCompile>
    <ClCompile Include="..\Cryption\XOR.cpp">
      <Filter>Cryption</Filter>
    </ClCompile>
    <ClCompile Include="..\assets\manager\filemanager.cpp">
      <Filter>Assets\manager</Filter>
    </ClCompile>
    <ClCompile Include="..\assets\manager\dirmanager.cpp">
      <Filter>Assets\manager</Filter>
    </ClCompile>
    <ClCompile Include="..\assets\manager\logmanager.cpp">
      <Filter>Assets\manager</Filter>
    </ClCompile>
    <ClCompile Include="..\assets\web\http.cpp">
      <Filter>Assets\web</Filter>
    </ClCompile>
    <ClCompile Include="..\assets\timer.cpp">
      <Filter>Assets</Filter>
    </ClCompile>
    <ClCompile Include="..\assets\benchmark.cpp">
      <Filter>Assets</Filter>
    </ClCompile>
    <ClCompile Include="..\Net\Package.cpp">
      <Filter>Net</Filter>
    </ClCompile>
    <ClCompile Include="..\..\..\extern\ZLib\gzread.c">
      <Filter>Compression\ZLib</Filter>
    </ClCompile>
    <ClCompile Include="..\..\..\extern\ZLib\gzwrite.c">
      <Filter>Compression\ZLib</Filter>
    </ClCompile>
    <ClCompile Include="..\..\..\extern\ZLib\inffast.c">
      <Filter>Compression\ZLib</Filter>
    </ClCompile>
    <ClCompile Include="..\..\..\extern\ZLib\inflate.c">
      <Filter>Compression\ZLib</Filter>
    </ClCompile>
    <ClCompile Include="..\..\..\extern\ZLib\inftrees.c">
      <Filter>Compression\ZLib</Filter>
    </ClCompile>
    <ClCompile Include="..\..\..\extern\ZLib\trees.c">
      <Filter>Compression\ZLib</Filter>
    </ClCompile>
    <ClCompile Include="..\..\..\extern\ZLib\uncompr.c">
      <Filter>Compression\ZLib</Filter>
    </ClCompile>
    <ClCompile Include="..\..\..\extern\ZLib\zutil.c">
      <Filter>Compression\ZLib</Filter>
    </ClCompile>
    <ClCompile Include="..\..\..\extern\ZLib\adler32.c">
      <Filter>Compression\ZLib</Filter>
    </ClCompile>
    <ClCompile Include="..\..\..\extern\ZLib\compress.c">
      <Filter>Compression\ZLib</Filter>
    </ClCompile>
    <ClCompile Include="..\..\..\extern\ZLib\crc32.c">
      <Filter>Compression\ZLib</Filter>
    </ClCompile>
    <ClCompile Include="..\..\..\extern\ZLib\deflate.c">
      <Filter>Compression\ZLib</Filter>
    </ClCompile>
    <ClCompile Include="..\..\..\extern\ZLib\gzlib.c">
      <Filter>Compression\ZLib</Filter>
    </ClCompile>
    <ClCompile Include="..\Compression\Compression.cpp">
      <Filter>Compression</Filter>
    </ClCompile>
    <ClCompile Include="..\Coding\Hex.cpp">
      <Filter>Coding</Filter>
    </ClCompile>
    <ClCompile Include="..\Coding\MD5.cpp">
      <Filter>Coding</Filter>
    </ClCompile>
    <ClCompile Include="..\Coding\SHA1.cpp">
      <Filter>Coding</Filter>
    </ClCompile>
    <ClCompile Include="..\Coding\BASE64.cpp">
      <Filter>Coding</Filter>
    </ClCompile>
    <ClCompile Include="..\ICMP\icmp.cpp">
      <Filter>ICMP</Filter>
    </ClCompile>
    <ClCompile Include="..\Database\MYSQL.cpp">
      <Filter>Database</Filter>
    </ClCompile>
    <ClCompile Include="..\Net\NetString.cpp">
      <Filter>Net</Filter>
    </ClCompile>
    <ClCompile Include="..\Cryption\BCrypt\wrapper.c">
      <Filter>Cryption\BCrypt</Filter>
    </ClCompile>
    <ClCompile Include="..\Cryption\BCrypt\bcrypt.c">
      <Filter>Cryption\BCrypt</Filter>
    </ClCompile>
    <ClCompile Include="..\Cryption\BCrypt\crypt_blowfish.c">
      <Filter>Cryption\BCrypt</Filter>
    </ClCompile>
    <ClCompile Include="..\Cryption\BCrypt\crypt_gensalt.c">
      <Filter>Cryption\BCrypt</Filter>
    </ClCompile>
    <ClCompile Include="..\Cryption\BCrypt\main.cpp">
      <Filter>Cryption\BCrypt</Filter>
    </ClCompile>
  </ItemGroup>
  <ItemGroup>
    <ClInclude Include="..\assets\assets.h">
      <Filter>Assets</Filter>
    </ClInclude>
    <ClInclude Include="WebServer.h" />
    <ClInclude Include="..\Net\Net.h">
      <Filter>Net</Filter>
    </ClInclude>
    <ClInclude Include="..\Cryption\AES.h">
      <Filter>Cryption</Filter>
    </ClInclude>
    <ClInclude Include="..\Cryption\RSA.h">
      <Filter>Cryption</Filter>
    </ClInclude>
    <ClInclude Include="..\Cryption\XOR.h">
      <Filter>Cryption</Filter>
    </ClInclude>
    <ClInclude Include="..\assets\manager\dirmanager.h">
      <Filter>Assets\manager</Filter>
    </ClInclude>
    <ClInclude Include="..\assets\manager\filemanager.h">
      <Filter>Assets\manager</Filter>
    </ClInclude>
    <ClInclude Include="..\assets\manager\logmanager.h">
      <Filter>Assets\manager</Filter>
    </ClInclude>
    <ClInclude Include="..\assets\web\http.h">
      <Filter>Assets\web</Filter>
    </ClInclude>
    <ClInclude Include="..\assets\timer.h">
      <Filter>Assets</Filter>
    </ClInclude>
    <ClInclude Include="..\assets\benchmark.h">
      <Filter>Assets</Filter>
    </ClInclude>
    <ClInclude Include="..\Net\NetCodes.hpp">
      <Filter>Net</Filter>
    </ClInclude>
    <ClInclude Include="..\Net\Package.h">
      <Filter>Net</Filter>
    </ClInclude>
    <ClInclude Include="..\Compression\Compression.h">
      <Filter>Compression</Filter>
    </ClInclude>
    <ClInclude Include="..\Coding\Hex.h">
      <Filter>Coding</Filter>
    </ClInclude>
    <ClInclude Include="..\Coding\MD5.h">
      <Filter>Coding</Filter>
    </ClInclude>
    <ClInclude Include="..\Coding\SHA1.h">
      <Filter>Coding</Filter>
    </ClInclude>
    <ClInclude Include="..\Coding\BASE64.h">
      <Filter>Coding</Filter>
    </ClInclude>
    <ClInclude Include="..\Coding\md5\md5_loc.h">
      <Filter>Coding\md5</Filter>
    </ClInclude>
    <ClInclude Include="..\Coding\md5\md5_native.h">
      <Filter>Coding\md5</Filter>
    </ClInclude>
    <ClInclude Include="..\ICMP\icmp.h">
      <Filter>ICMP</Filter>
    </ClInclude>
    <ClInclude Include="..\Database\MYSQL.h">
      <Filter>Database</Filter>
    </ClInclude>
    <ClInclude Include="..\Net\NetString.h">
      <Filter>Net</Filter>
    </ClInclude>
    <ClInclude Include="..\Cryption\PointerCryption.h">
      <Filter>Cryption</Filter>
    </ClInclude>
    <ClInclude Include="..\Protection\Junk.hpp">
      <Filter>Protection</Filter>
    </ClInclude>
  </ItemGroup>
  <ItemGroup>
    <Filter Include="Assets">
      <UniqueIdentifier>{f6e15c80-fcba-4d1d-87b4-cf13c9f0710a}</UniqueIdentifier>
    </Filter>
    <Filter Include="Cryption">
      <UniqueIdentifier>{95284dd7-5492-41b4-bb3e-8bcab9b624c3}</UniqueIdentifier>
    </Filter>
    <Filter Include="Net">
      <UniqueIdentifier>{5fa87347-2053-4a1f-a075-4119375e6616}</UniqueIdentifier>
    </Filter>
    <Filter Include="Assets\manager">
      <UniqueIdentifier>{e30a60a8-dfb7-4f5c-96b0-eba4dc8de5dd}</UniqueIdentifier>
    </Filter>
    <Filter Include="Assets\web">
      <UniqueIdentifier>{f6f1f982-7ee8-4b53-8167-f60d6d6e1531}</UniqueIdentifier>
    </Filter>
    <Filter Include="Compression">
      <UniqueIdentifier>{ff1aba5a-77e9-4f20-aeb7-501f3bcaf2fe}</UniqueIdentifier>
    </Filter>
    <Filter Include="Compression\ZLib">
      <UniqueIdentifier>{2db5b208-cf3d-4f8d-9d1b-bbeb69ae516b}</UniqueIdentifier>
    </Filter>
    <Filter Include="Coding">
      <UniqueIdentifier>{1bed23ef-679d-4a2a-bc80-49edcdf8ea0e}</UniqueIdentifier>
    </Filter>
    <Filter Include="Coding\md5">
      <UniqueIdentifier>{796404b8-0052-4d22-9dc2-4c90bc714124}</UniqueIdentifier>
    </Filter>
    <Filter Include="ICMP">
      <UniqueIdentifier>{7d2db320-3dd7-42d9-b949-4d4ab3f06ead}</UniqueIdentifier>
    </Filter>
    <Filter Include="Database">
      <UniqueIdentifier>{fcc35c70-0774-4f16-8d2f-dd04429486a5}</UniqueIdentifier>
    </Filter>
    <Filter Include="Cryption\BCrypt">
      <UniqueIdentifier>{40f01523-2148-4ee1-93d0-01deefbc30eb}</UniqueIdentifier>
    </Filter>
    <Filter Include="Protection">
      <UniqueIdentifier>{15870838-f96a-4497-9c53-e3e3e229e116}</UniqueIdentifier>
    </Filter>
  </ItemGroup>
  <ItemGroup>
    <None Include="..\Cryption\BCrypt\x86.S">
      <Filter>Cryption\BCrypt</Filter>
    </None>
  </ItemGroup>
</Project>