<?xml version="1.0" encoding="utf-8"?>
<Project ToolsVersion="4.0" xmlns="http://schemas.microsoft.com/developer/msbuild/2003">
  <ItemGroup>
    <Filter Include="Assets">
      <UniqueIdentifier>{249fd5fe-72bb-4a2c-9531-282c331ec073}</UniqueIdentifier>
    </Filter>
    <Filter Include="Coding">
      <UniqueIdentifier>{12467d14-30f6-41b4-9898-b366e05286fd}</UniqueIdentifier>
    </Filter>
    <Filter Include="Compression">
      <UniqueIdentifier>{dd8f1190-3dc7-42b0-b9d2-9681b0cccde0}</UniqueIdentifier>
    </Filter>
    <Filter Include="Cryption">
      <UniqueIdentifier>{ed1967ea-17a7-49fb-bb1b-f7bbb545fe1e}</UniqueIdentifier>
    </Filter>
    <Filter Include="Net">
      <UniqueIdentifier>{842c3693-5a25-4d99-a123-d4af32932ac9}</UniqueIdentifier>
    </Filter>
    <Filter Include="Assets\manager">
      <UniqueIdentifier>{72770ace-2caf-44d7-aec4-de625bd5fb6e}</UniqueIdentifier>
    </Filter>
    <Filter Include="Assets\web">
      <UniqueIdentifier>{58589111-d861-4494-96ec-162eccc649e4}</UniqueIdentifier>
    </Filter>
    <Filter Include="Coding\md5">
      <UniqueIdentifier>{cf62fbcb-c44c-4dce-9927-10136b6446b9}</UniqueIdentifier>
    </Filter>
    <Filter Include="Compression\ZLib">
      <UniqueIdentifier>{72c61b26-7269-4e78-9b07-b58bb435b02c}</UniqueIdentifier>
    </Filter>
    <Filter Include="Database">
      <UniqueIdentifier>{f5c1da9e-6263-4b05-bb5e-c73d987d314f}</UniqueIdentifier>
    </Filter>
    <Filter Include="Cryption\BCrypt">
      <UniqueIdentifier>{d84f6382-ee02-4f16-96a8-e37048f82143}</UniqueIdentifier>
    </Filter>
    <Filter Include="Import">
      <UniqueIdentifier>{d3668493-a839-44a7-9586-d7720675e3c6}</UniqueIdentifier>
    </Filter>
    <Filter Include="pugiXML">
      <UniqueIdentifier>{3f17bf2a-0acc-4217-a3b5-a28b7340883d}</UniqueIdentifier>
    </Filter>
    <Filter Include="Protocol">
      <UniqueIdentifier>{ec0b1025-b567-4bad-abfb-9b1ac795f88f}</UniqueIdentifier>
    </Filter>
  </ItemGroup>
  <ItemGroup>
    <ClCompile Include="..\..\..\extern\ZLib\uncompr.c">
      <Filter>Compression\ZLib</Filter>
    </ClCompile>
    <ClCompile Include="..\..\..\extern\ZLib\zutil.c">
      <Filter>Compression\ZLib</Filter>
    </ClCompile>
    <ClCompile Include="..\..\..\extern\ZLib\adler32.c">
      <Filter>Compression\ZLib</Filter>
    </ClCompile>
    <ClCompile Include="..\..\..\extern\ZLib\compress.c">
      <Filter>Compression\ZLib</Filter>
    </ClCompile>
    <ClCompile Include="..\..\..\extern\ZLib\crc32.c">
      <Filter>Compression\ZLib</Filter>
    </ClCompile>
    <ClCompile Include="..\..\..\extern\ZLib\deflate.c">
      <Filter>Compression\ZLib</Filter>
    </ClCompile>
    <ClCompile Include="..\..\..\extern\ZLib\gzlib.c">
      <Filter>Compression\ZLib</Filter>
    </ClCompile>
    <ClCompile Include="..\..\..\extern\ZLib\gzread.c">
      <Filter>Compression\ZLib</Filter>
    </ClCompile>
    <ClCompile Include="..\..\..\extern\ZLib\gzwrite.c">
      <Filter>Compression\ZLib</Filter>
    </ClCompile>
    <ClCompile Include="..\..\..\extern\ZLib\inffast.c">
      <Filter>Compression\ZLib</Filter>
    </ClCompile>
    <ClCompile Include="..\..\..\extern\ZLib\inflate.c">
      <Filter>Compression\ZLib</Filter>
    </ClCompile>
    <ClCompile Include="..\..\..\extern\ZLib\inftrees.c">
      <Filter>Compression\ZLib</Filter>
    </ClCompile>
    <ClCompile Include="..\..\..\extern\ZLib\trees.c">
      <Filter>Compression\ZLib</Filter>
    </ClCompile>
    <ClCompile Include="..\Net\Net\NetString.cpp">
      <Filter>Net</Filter>
    </ClCompile>
    <ClCompile Include="..\Net\Net\NetVersion.cpp">
      <Filter>Net</Filter>
    </ClCompile>
    <ClCompile Include="..\Net\Net\Package.cpp">
      <Filter>Net</Filter>
    </ClCompile>
    <ClCompile Include="..\Net\Net\Net.cpp">
      <Filter>Net</Filter>
    </ClCompile>
    <ClCompile Include="..\Net\Net\NetCodes.cpp">
      <Filter>Net</Filter>
    </ClCompile>
    <ClCompile Include="..\Net\Database\MYSQL.cpp">
      <Filter>Database</Filter>
    </ClCompile>
    <ClCompile Include="..\Net\Cryption\RSA.cpp">
      <Filter>Cryption</Filter>
    </ClCompile>
    <ClCompile Include="..\Net\Cryption\XOR.cpp">
      <Filter>Cryption</Filter>
    </ClCompile>
    <ClCompile Include="..\Net\Cryption\AES.cpp">
      <Filter>Cryption</Filter>
    </ClCompile>
    <ClCompile Include="..\Net\Cryption\BCrypt\main.cpp">
      <Filter>Cryption\BCrypt</Filter>
    </ClCompile>
    <ClCompile Include="..\Net\Cryption\BCrypt\wrapper.c">
      <Filter>Cryption\BCrypt</Filter>
    </ClCompile>
    <ClCompile Include="..\Net\Cryption\BCrypt\bcrypt.c">
      <Filter>Cryption\BCrypt</Filter>
    </ClCompile>
    <ClCompile Include="..\Net\Cryption\BCrypt\crypt_blowfish.c">
      <Filter>Cryption\BCrypt</Filter>
    </ClCompile>
    <ClCompile Include="..\Net\Cryption\BCrypt\crypt_gensalt.c">
      <Filter>Cryption\BCrypt</Filter>
    </ClCompile>
    <ClCompile Include="..\Net\Compression\Compression.cpp">
      <Filter>Compression</Filter>
    </ClCompile>
    <ClCompile Include="..\Net\Coding\MD5.cpp">
      <Filter>Coding</Filter>
    </ClCompile>
    <ClCompile Include="..\Net\Coding\SHA1.cpp">
      <Filter>Coding</Filter>
    </ClCompile>
    <ClCompile Include="..\Net\Coding\BASE64.cpp">
      <Filter>Coding</Filter>
    </ClCompile>
    <ClCompile Include="..\Net\Coding\Hex.cpp">
      <Filter>Coding</Filter>
    </ClCompile>
    <ClCompile Include="..\Net\assets\timer.cpp">
      <Filter>Assets</Filter>
    </ClCompile>
    <ClCompile Include="..\Net\assets\assets.cpp">
      <Filter>Assets</Filter>
    </ClCompile>
    <ClCompile Include="..\Net\assets\web\http.cpp">
      <Filter>Assets\web</Filter>
    </ClCompile>
    <ClCompile Include="..\Net\assets\manager\filemanager.cpp">
      <Filter>Assets\manager</Filter>
    </ClCompile>
    <ClCompile Include="..\Net\assets\manager\logmanager.cpp">
      <Filter>Assets\manager</Filter>
    </ClCompile>
    <ClCompile Include="..\Net\assets\manager\dirmanager.cpp">
      <Filter>Assets\manager</Filter>
    </ClCompile>
    <ClCompile Include="..\Net\assets\thread.cpp">
      <Filter>Assets</Filter>
    </ClCompile>
    <ClCompile Include="..\Net\Protocol\ICMP.cpp">
      <Filter>Protocol</Filter>
    </ClCompile>
    <ClCompile Include="..\Net\Coding\BASE32.cpp">
      <Filter>Coding</Filter>
    </ClCompile>
    <ClCompile Include="..\Net\Coding\TOTP.cpp">
      <Filter>Coding</Filter>
    </ClCompile>
    <ClCompile Include="..\Net\Protocol\NTP.cpp">
      <Filter>Protocol</Filter>
    </ClCompile>
    <ClCompile Include="..\..\..\extern\pugiXML\Windows\pugixml.cpp">
      <Filter>pugiXML</Filter>
    </ClCompile>
    <ClCompile Include="..\Net\Import\MemoryModule.c">
      <Filter>Import</Filter>
    </ClCompile>
    <ClCompile Include="..\Net\Import\ImportResolver.cpp">
      <Filter>Import</Filter>
    </ClCompile>
    <ClCompile Include="..\Net\Import\Imports.cpp">
      <Filter>Import</Filter>
    </ClCompile>
  </ItemGroup>
  <ItemGroup>
    <ClInclude Include="..\Net\Net\NetString.h">
      <Filter>Net</Filter>
    </ClInclude>
    <ClInclude Include="..\Net\Net\NetVersion.h">
      <Filter>Net</Filter>
    </ClInclude>
    <ClInclude Include="..\Net\Net\Package.h">
      <Filter>Net</Filter>
    </ClInclude>
    <ClInclude Include="..\Net\Net\NativePackages.h">
      <Filter>Net</Filter>
    </ClInclude>
    <ClInclude Include="..\Net\Net\Net.h">
      <Filter>Net</Filter>
    </ClInclude>
    <ClInclude Include="..\Net\Net\NetCodes.h">
      <Filter>Net</Filter>
    </ClInclude>
    <ClInclude Include="..\Net\Database\MYSQL.h">
      <Filter>Database</Filter>
    </ClInclude>
    <ClInclude Include="..\Net\Cryption\AES.h">
      <Filter>Cryption</Filter>
    </ClInclude>
    <ClInclude Include="..\Net\Cryption\PointerCryption.h">
      <Filter>Cryption</Filter>
    </ClInclude>
    <ClInclude Include="..\Net\Cryption\RSA.h">
      <Filter>Cryption</Filter>
    </ClInclude>
    <ClInclude Include="..\Net\Cryption\XOR.h">
      <Filter>Cryption</Filter>
    </ClInclude>
    <ClInclude Include="..\Net\Compression\Compression.h">
      <Filter>Compression</Filter>
    </ClInclude>
    <ClInclude Include="..\Net\Coding\Hex.h">
      <Filter>Coding</Filter>
    </ClInclude>
    <ClInclude Include="..\Net\Coding\MD5.h">
      <Filter>Coding</Filter>
    </ClInclude>
    <ClInclude Include="..\Net\Coding\SHA1.h">
      <Filter>Coding</Filter>
    </ClInclude>
    <ClInclude Include="..\Net\Coding\BASE64.h">
      <Filter>Coding</Filter>
    </ClInclude>
    <ClInclude Include="..\Net\Coding\md5\md5_native.h">
      <Filter>Coding\md5</Filter>
    </ClInclude>
    <ClInclude Include="..\Net\Coding\md5\md5_loc.h">
      <Filter>Coding\md5</Filter>
    </ClInclude>
    <ClInclude Include="..\Net\assets\timer.h">
      <Filter>Assets</Filter>
    </ClInclude>
    <ClInclude Include="..\Net\assets\assets.h">
      <Filter>Assets</Filter>
    </ClInclude>
    <ClInclude Include="..\Net\assets\web\http.h">
      <Filter>Assets\web</Filter>
    </ClInclude>
    <ClInclude Include="..\Net\assets\manager\dirmanager.h">
      <Filter>Assets\manager</Filter>
    </ClInclude>
    <ClInclude Include="..\Net\assets\manager\filemanager.h">
      <Filter>Assets\manager</Filter>
    </ClInclude>
    <ClInclude Include="..\Net\assets\manager\logmanager.h">
      <Filter>Assets\manager</Filter>
    </ClInclude>
    <ClInclude Include="..\Net\assets\thread.h">
      <Filter>Assets</Filter>
    </ClInclude>
    <ClInclude Include="..\Net\Protocol\ICMP.h">
      <Filter>Protocol</Filter>
    </ClInclude>
    <ClInclude Include="..\Net\Coding\BASE32.h">
      <Filter>Coding</Filter>
    </ClInclude>
    <ClInclude Include="..\Net\Coding\TOTP.h">
      <Filter>Coding</Filter>
    </ClInclude>
    <ClInclude Include="..\Net\assets\manager\profile.hpp">
      <Filter>Assets\manager</Filter>
    </ClInclude>
    <ClInclude Include="..\Net\Net\NetBuildConfig.h">
      <Filter>Net</Filter>
    </ClInclude>
    <ClInclude Include="..\Net\Net\NetBuild.h">
      <Filter>Net</Filter>
    </ClInclude>
    <ClInclude Include="..\Net\Protocol\NTP.h">
      <Filter>Protocol</Filter>
    </ClInclude>
    <ClInclude Include="..\Net\Cryption\CXOR.hpp">
      <Filter>Cryption</Filter>
    </ClInclude>
    <ClInclude Include="..\Net\Import\MemoryModule.h">
      <Filter>Import</Filter>
    </ClInclude>
    <ClInclude Include="..\Net\Import\Ntdll.hpp">
      <Filter>Import</Filter>
    </ClInclude>
    <ClInclude Include="..\Net\Import\ImportResolver.h">
      <Filter>Import</Filter>
    </ClInclude>
    <ClInclude Include="..\Net\Import\Kernel32.hpp">
      <Filter>Import</Filter>
    </ClInclude>
    <ClInclude Include="..\Net\Import\Ws2_32.hpp">
      <Filter>Import</Filter>
    </ClInclude>
    <ClInclude Include="..\Net\Import\User32.hpp">
      <Filter>Import</Filter>
    </ClInclude>
  </ItemGroup>
  <ItemGroup>
    <None Include="..\Net\Cryption\BCrypt\x86.S">
      <Filter>Cryption\BCrypt</Filter>
    </None>
  </ItemGroup>
</Project>